// !$*UTF8*$!
{
	archiveVersion = 1;
	classes = {
	};
	objectVersion = 55;
	objects = {

/* Begin PBXBuildFile section */
		5619F7F627C5819C00387402 /* AppDelegate.swift in Sources */ = {isa = PBXBuildFile; fileRef = 5619F7F527C5819C00387402 /* AppDelegate.swift */; };
		5619F7F827C5819C00387402 /* SceneDelegate.swift in Sources */ = {isa = PBXBuildFile; fileRef = 5619F7F727C5819C00387402 /* SceneDelegate.swift */; };
		5619F7FA27C5819C00387402 /* ViewController.swift in Sources */ = {isa = PBXBuildFile; fileRef = 5619F7F927C5819C00387402 /* ViewController.swift */; };
		5619F7FD27C5819C00387402 /* Main.storyboard in Resources */ = {isa = PBXBuildFile; fileRef = 5619F7FB27C5819C00387402 /* Main.storyboard */; };
		5619F7FF27C581A200387402 /* Assets.xcassets in Resources */ = {isa = PBXBuildFile; fileRef = 5619F7FE27C581A200387402 /* Assets.xcassets */; };
		5619F80227C581A200387402 /* LaunchScreen.storyboard in Resources */ = {isa = PBXBuildFile; fileRef = 5619F80027C581A200387402 /* LaunchScreen.storyboard */; };
		56D71CE427DD82690025BD08 /* InfoPlist.strings in Resources */ = {isa = PBXBuildFile; fileRef = 56D71CE627DD82690025BD08 /* InfoPlist.strings */; };
		56D71CEC27DD83AC0025BD08 /* PreviewView.swift in Sources */ = {isa = PBXBuildFile; fileRef = 56D71CEB27DD83AC0025BD08 /* PreviewView.swift */; };
		56D71D0227DD97950025BD08 /* Settings.bundle in Resources */ = {isa = PBXBuildFile; fileRef = 56D71D0127DD97940025BD08 /* Settings.bundle */; };
/* End PBXBuildFile section */

/* Begin PBXFileReference section */
		5619F7F227C5819C00387402 /* Spiegel.app */ = {isa = PBXFileReference; explicitFileType = wrapper.application; includeInIndex = 0; path = Spiegel.app; sourceTree = BUILT_PRODUCTS_DIR; };
		5619F7F527C5819C00387402 /* AppDelegate.swift */ = {isa = PBXFileReference; lastKnownFileType = sourcecode.swift; path = AppDelegate.swift; sourceTree = "<group>"; };
		5619F7F727C5819C00387402 /* SceneDelegate.swift */ = {isa = PBXFileReference; lastKnownFileType = sourcecode.swift; path = SceneDelegate.swift; sourceTree = "<group>"; };
		5619F7F927C5819C00387402 /* ViewController.swift */ = {isa = PBXFileReference; lastKnownFileType = sourcecode.swift; path = ViewController.swift; sourceTree = "<group>"; };
		5619F7FC27C5819C00387402 /* Base */ = {isa = PBXFileReference; lastKnownFileType = file.storyboard; name = Base; path = Base.lproj/Main.storyboard; sourceTree = "<group>"; };
		5619F7FE27C581A200387402 /* Assets.xcassets */ = {isa = PBXFileReference; lastKnownFileType = folder.assetcatalog; path = Assets.xcassets; sourceTree = "<group>"; };
		5619F80127C581A200387402 /* Base */ = {isa = PBXFileReference; lastKnownFileType = file.storyboard; name = Base; path = Base.lproj/LaunchScreen.storyboard; sourceTree = "<group>"; };
		5619F80327C581A200387402 /* Info.plist */ = {isa = PBXFileReference; lastKnownFileType = text.plist.xml; path = Info.plist; sourceTree = "<group>"; };
		56D71CE527DD82690025BD08 /* en */ = {isa = PBXFileReference; lastKnownFileType = text.plist.strings; name = en; path = en.lproj/InfoPlist.strings; sourceTree = "<group>"; };
		56D71CE727DD82750025BD08 /* nl */ = {isa = PBXFileReference; lastKnownFileType = text.plist.strings; name = nl; path = nl.lproj/InfoPlist.strings; sourceTree = "<group>"; };
		56D71CE827DD827B0025BD08 /* fr */ = {isa = PBXFileReference; lastKnownFileType = text.plist.strings; name = fr; path = fr.lproj/InfoPlist.strings; sourceTree = "<group>"; };
		56D71CE927DD82800025BD08 /* es */ = {isa = PBXFileReference; lastKnownFileType = text.plist.strings; name = es; path = es.lproj/InfoPlist.strings; sourceTree = "<group>"; };
		56D71CEA27DD82860025BD08 /* de */ = {isa = PBXFileReference; lastKnownFileType = text.plist.strings; name = de; path = de.lproj/InfoPlist.strings; sourceTree = "<group>"; };
		56D71CEB27DD83AC0025BD08 /* PreviewView.swift */ = {isa = PBXFileReference; lastKnownFileType = sourcecode.swift; path = PreviewView.swift; sourceTree = "<group>"; };
		56D71CF827DD8C7C0025BD08 /* en */ = {isa = PBXFileReference; lastKnownFileType = text.plist.strings; name = en; path = en.lproj/Main.strings; sourceTree = "<group>"; };
		56D71CFA27DD8C8C0025BD08 /* nl */ = {isa = PBXFileReference; lastKnownFileType = text.plist.strings; name = nl; path = nl.lproj/Main.strings; sourceTree = "<group>"; };
		56D71CFC27DD8CAD0025BD08 /* fr */ = {isa = PBXFileReference; lastKnownFileType = text.plist.strings; name = fr; path = fr.lproj/Main.strings; sourceTree = "<group>"; };
		56D71CFE27DD8CDD0025BD08 /* de */ = {isa = PBXFileReference; lastKnownFileType = text.plist.strings; name = de; path = de.lproj/Main.strings; sourceTree = "<group>"; };
		56D71D0027DD8DDF0025BD08 /* es */ = {isa = PBXFileReference; lastKnownFileType = text.plist.strings; name = es; path = es.lproj/Main.strings; sourceTree = "<group>"; };
		56D71D0127DD97940025BD08 /* Settings.bundle */ = {isa = PBXFileReference; lastKnownFileType = "wrapper.plug-in"; path = Settings.bundle; sourceTree = "<group>"; };
		56D71D0327DDAC7C0025BD08 /* it */ = {isa = PBXFileReference; lastKnownFileType = text.plist.strings; name = it; path = it.lproj/Main.strings; sourceTree = "<group>"; };
		56D71D0527DDAC7D0025BD08 /* it */ = {isa = PBXFileReference; lastKnownFileType = text.plist.strings; name = it; path = it.lproj/InfoPlist.strings; sourceTree = "<group>"; };
/* End PBXFileReference section */

/* Begin PBXFrameworksBuildPhase section */
		5619F7EF27C5819C00387402 /* Frameworks */ = {
			isa = PBXFrameworksBuildPhase;
			buildActionMask = 2147483647;
			files = (
			);
			runOnlyForDeploymentPostprocessing = 0;
		};
/* End PBXFrameworksBuildPhase section */

/* Begin PBXGroup section */
		5619F7E927C5819C00387402 = {
			isa = PBXGroup;
			children = (
				5619F7F427C5819C00387402 /* Spiegeltje */,
				5619F7F327C5819C00387402 /* Products */,
			);
			sourceTree = "<group>";
		};
		5619F7F327C5819C00387402 /* Products */ = {
			isa = PBXGroup;
			children = (
				5619F7F227C5819C00387402 /* Spiegel.app */,
			);
			name = Products;
			sourceTree = "<group>";
		};
		5619F7F427C5819C00387402 /* Spiegeltje */ = {
			isa = PBXGroup;
			children = (
				5619F7F527C5819C00387402 /* AppDelegate.swift */,
				5619F7F727C5819C00387402 /* SceneDelegate.swift */,
				5619F7F927C5819C00387402 /* ViewController.swift */,
				56D71CEB27DD83AC0025BD08 /* PreviewView.swift */,
				5619F7FB27C5819C00387402 /* Main.storyboard */,
				5619F7FE27C581A200387402 /* Assets.xcassets */,
				5619F80027C581A200387402 /* LaunchScreen.storyboard */,
				5619F80327C581A200387402 /* Info.plist */,
				56D71D0127DD97940025BD08 /* Settings.bundle */,
				56D71CE627DD82690025BD08 /* InfoPlist.strings */,
			);
			path = Spiegeltje;
			sourceTree = "<group>";
		};
/* End PBXGroup section */

/* Begin PBXNativeTarget section */
		5619F7F127C5819C00387402 /* Spiegel */ = {
			isa = PBXNativeTarget;
			buildConfigurationList = 5619F80627C581A200387402 /* Build configuration list for PBXNativeTarget "Spiegel" */;
			buildPhases = (
				5619F7EE27C5819C00387402 /* Sources */,
				5619F7EF27C5819C00387402 /* Frameworks */,
				5619F7F027C5819C00387402 /* Resources */,
			);
			buildRules = (
			);
			dependencies = (
			);
			name = Spiegel;
			productName = Spiegeltje;
			productReference = 5619F7F227C5819C00387402 /* Spiegel.app */;
			productType = "com.apple.product-type.application";
		};
/* End PBXNativeTarget section */

/* Begin PBXProject section */
		5619F7EA27C5819C00387402 /* Project object */ = {
			isa = PBXProject;
			attributes = {
				BuildIndependentTargetsInParallel = 1;
				LastSwiftUpdateCheck = 1320;
				LastUpgradeCheck = 1320;
				TargetAttributes = {
					5619F7F127C5819C00387402 = {
						CreatedOnToolsVersion = 13.2.1;
					};
				};
			};
			buildConfigurationList = 5619F7ED27C5819C00387402 /* Build configuration list for PBXProject "Spiegel" */;
			compatibilityVersion = "Xcode 13.0";
			developmentRegion = en;
			hasScannedForEncodings = 0;
			knownRegions = (
				en,
				Base,
				nl,
				fr,
				es,
				de,
				it,
			);
			mainGroup = 5619F7E927C5819C00387402;
			productRefGroup = 5619F7F327C5819C00387402 /* Products */;
			projectDirPath = "";
			projectRoot = "";
			targets = (
				5619F7F127C5819C00387402 /* Spiegel */,
			);
		};
/* End PBXProject section */

/* Begin PBXResourcesBuildPhase section */
		5619F7F027C5819C00387402 /* Resources */ = {
			isa = PBXResourcesBuildPhase;
			buildActionMask = 2147483647;
			files = (
				5619F80227C581A200387402 /* LaunchScreen.storyboard in Resources */,
				56D71CE427DD82690025BD08 /* InfoPlist.strings in Resources */,
				56D71D0227DD97950025BD08 /* Settings.bundle in Resources */,
				5619F7FF27C581A200387402 /* Assets.xcassets in Resources */,
				5619F7FD27C5819C00387402 /* Main.storyboard in Resources */,
			);
			runOnlyForDeploymentPostprocessing = 0;
		};
/* End PBXResourcesBuildPhase section */

/* Begin PBXSourcesBuildPhase section */
		5619F7EE27C5819C00387402 /* Sources */ = {
			isa = PBXSourcesBuildPhase;
			buildActionMask = 2147483647;
			files = (
				5619F7FA27C5819C00387402 /* ViewController.swift in Sources */,
				56D71CEC27DD83AC0025BD08 /* PreviewView.swift in Sources */,
				5619F7F627C5819C00387402 /* AppDelegate.swift in Sources */,
				5619F7F827C5819C00387402 /* SceneDelegate.swift in Sources */,
			);
			runOnlyForDeploymentPostprocessing = 0;
		};
/* End PBXSourcesBuildPhase section */

/* Begin PBXVariantGroup section */
		5619F7FB27C5819C00387402 /* Main.storyboard */ = {
			isa = PBXVariantGroup;
			children = (
				5619F7FC27C5819C00387402 /* Base */,
				56D71CF827DD8C7C0025BD08 /* en */,
				56D71CFA27DD8C8C0025BD08 /* nl */,
				56D71CFC27DD8CAD0025BD08 /* fr */,
				56D71CFE27DD8CDD0025BD08 /* de */,
				56D71D0027DD8DDF0025BD08 /* es */,
				56D71D0327DDAC7C0025BD08 /* it */,
			);
			name = Main.storyboard;
			sourceTree = "<group>";
		};
		5619F80027C581A200387402 /* LaunchScreen.storyboard */ = {
			isa = PBXVariantGroup;
			children = (
				5619F80127C581A200387402 /* Base */,
			);
			name = LaunchScreen.storyboard;
			sourceTree = "<group>";
		};
		56D71CE627DD82690025BD08 /* InfoPlist.strings */ = {
			isa = PBXVariantGroup;
			children = (
				56D71CE527DD82690025BD08 /* en */,
				56D71CE727DD82750025BD08 /* nl */,
				56D71CE827DD827B0025BD08 /* fr */,
				56D71CE927DD82800025BD08 /* es */,
				56D71CEA27DD82860025BD08 /* de */,
				56D71D0527DDAC7D0025BD08 /* it */,
			);
			name = InfoPlist.strings;
			sourceTree = "<group>";
		};
/* End PBXVariantGroup section */

/* Begin XCBuildConfiguration section */
		5619F80427C581A200387402 /* Debug */ = {
			isa = XCBuildConfiguration;
			buildSettings = {
				ALWAYS_SEARCH_USER_PATHS = NO;
				CLANG_ANALYZER_LOCALIZABILITY_NONLOCALIZED = YES;
				CLANG_ANALYZER_NONNULL = YES;
				CLANG_ANALYZER_NUMBER_OBJECT_CONVERSION = YES_AGGRESSIVE;
				CLANG_CXX_LANGUAGE_STANDARD = "gnu++17";
				CLANG_CXX_LIBRARY = "libc++";
				CLANG_ENABLE_MODULES = YES;
				CLANG_ENABLE_OBJC_ARC = YES;
				CLANG_ENABLE_OBJC_WEAK = YES;
				CLANG_WARN_BLOCK_CAPTURE_AUTORELEASING = YES;
				CLANG_WARN_BOOL_CONVERSION = YES;
				CLANG_WARN_COMMA = YES;
				CLANG_WARN_CONSTANT_CONVERSION = YES;
				CLANG_WARN_DEPRECATED_OBJC_IMPLEMENTATIONS = YES;
				CLANG_WARN_DIRECT_OBJC_ISA_USAGE = YES_ERROR;
				CLANG_WARN_DOCUMENTATION_COMMENTS = YES;
				CLANG_WARN_EMPTY_BODY = YES;
				CLANG_WARN_ENUM_CONVERSION = YES;
				CLANG_WARN_INFINITE_RECURSION = YES;
				CLANG_WARN_INT_CONVERSION = YES;
				CLANG_WARN_NON_LITERAL_NULL_CONVERSION = YES;
				CLANG_WARN_OBJC_IMPLICIT_RETAIN_SELF = YES;
				CLANG_WARN_OBJC_LITERAL_CONVERSION = YES;
				CLANG_WARN_OBJC_ROOT_CLASS = YES_ERROR;
				CLANG_WARN_QUOTED_INCLUDE_IN_FRAMEWORK_HEADER = YES;
				CLANG_WARN_RANGE_LOOP_ANALYSIS = YES;
				CLANG_WARN_STRICT_PROTOTYPES = YES;
				CLANG_WARN_SUSPICIOUS_MOVE = YES;
				CLANG_WARN_UNGUARDED_AVAILABILITY = YES_AGGRESSIVE;
				CLANG_WARN_UNREACHABLE_CODE = YES;
				CLANG_WARN__DUPLICATE_METHOD_MATCH = YES;
				COPY_PHASE_STRIP = NO;
				DEBUG_INFORMATION_FORMAT = dwarf;
				ENABLE_STRICT_OBJC_MSGSEND = YES;
				ENABLE_TESTABILITY = YES;
				GCC_C_LANGUAGE_STANDARD = gnu11;
				GCC_DYNAMIC_NO_PIC = NO;
				GCC_NO_COMMON_BLOCKS = YES;
				GCC_OPTIMIZATION_LEVEL = 0;
				GCC_PREPROCESSOR_DEFINITIONS = (
					"DEBUG=1",
					"$(inherited)",
				);
				GCC_WARN_64_TO_32_BIT_CONVERSION = YES;
				GCC_WARN_ABOUT_RETURN_TYPE = YES_ERROR;
				GCC_WARN_UNDECLARED_SELECTOR = YES;
				GCC_WARN_UNINITIALIZED_AUTOS = YES_AGGRESSIVE;
				GCC_WARN_UNUSED_FUNCTION = YES;
				GCC_WARN_UNUSED_VARIABLE = YES;
				IPHONEOS_DEPLOYMENT_TARGET = 14.0;
				MTL_ENABLE_DEBUG_INFO = INCLUDE_SOURCE;
				MTL_FAST_MATH = YES;
				ONLY_ACTIVE_ARCH = YES;
				SDKROOT = iphoneos;
				SWIFT_ACTIVE_COMPILATION_CONDITIONS = DEBUG;
				SWIFT_OPTIMIZATION_LEVEL = "-Onone";
			};
			name = Debug;
		};
		5619F80527C581A200387402 /* Release */ = {
			isa = XCBuildConfiguration;
			buildSettings = {
				ALWAYS_SEARCH_USER_PATHS = NO;
				CLANG_ANALYZER_LOCALIZABILITY_NONLOCALIZED = YES;
				CLANG_ANALYZER_NONNULL = YES;
				CLANG_ANALYZER_NUMBER_OBJECT_CONVERSION = YES_AGGRESSIVE;
				CLANG_CXX_LANGUAGE_STANDARD = "gnu++17";
				CLANG_CXX_LIBRARY = "libc++";
				CLANG_ENABLE_MODULES = YES;
				CLANG_ENABLE_OBJC_ARC = YES;
				CLANG_ENABLE_OBJC_WEAK = YES;
				CLANG_WARN_BLOCK_CAPTURE_AUTORELEASING = YES;
				CLANG_WARN_BOOL_CONVERSION = YES;
				CLANG_WARN_COMMA = YES;
				CLANG_WARN_CONSTANT_CONVERSION = YES;
				CLANG_WARN_DEPRECATED_OBJC_IMPLEMENTATIONS = YES;
				CLANG_WARN_DIRECT_OBJC_ISA_USAGE = YES_ERROR;
				CLANG_WARN_DOCUMENTATION_COMMENTS = YES;
				CLANG_WARN_EMPTY_BODY = YES;
				CLANG_WARN_ENUM_CONVERSION = YES;
				CLANG_WARN_INFINITE_RECURSION = YES;
				CLANG_WARN_INT_CONVERSION = YES;
				CLANG_WARN_NON_LITERAL_NULL_CONVERSION = YES;
				CLANG_WARN_OBJC_IMPLICIT_RETAIN_SELF = YES;
				CLANG_WARN_OBJC_LITERAL_CONVERSION = YES;
				CLANG_WARN_OBJC_ROOT_CLASS = YES_ERROR;
				CLANG_WARN_QUOTED_INCLUDE_IN_FRAMEWORK_HEADER = YES;
				CLANG_WARN_RANGE_LOOP_ANALYSIS = YES;
				CLANG_WARN_STRICT_PROTOTYPES = YES;
				CLANG_WARN_SUSPICIOUS_MOVE = YES;
				CLANG_WARN_UNGUARDED_AVAILABILITY = YES_AGGRESSIVE;
				CLANG_WARN_UNREACHABLE_CODE = YES;
				CLANG_WARN__DUPLICATE_METHOD_MATCH = YES;
				COPY_PHASE_STRIP = NO;
				DEBUG_INFORMATION_FORMAT = "dwarf-with-dsym";
				ENABLE_NS_ASSERTIONS = NO;
				ENABLE_STRICT_OBJC_MSGSEND = YES;
				GCC_C_LANGUAGE_STANDARD = gnu11;
				GCC_NO_COMMON_BLOCKS = YES;
				GCC_WARN_64_TO_32_BIT_CONVERSION = YES;
				GCC_WARN_ABOUT_RETURN_TYPE = YES_ERROR;
				GCC_WARN_UNDECLARED_SELECTOR = YES;
				GCC_WARN_UNINITIALIZED_AUTOS = YES_AGGRESSIVE;
				GCC_WARN_UNUSED_FUNCTION = YES;
				GCC_WARN_UNUSED_VARIABLE = YES;
				IPHONEOS_DEPLOYMENT_TARGET = 14.0;
				MTL_ENABLE_DEBUG_INFO = NO;
				MTL_FAST_MATH = YES;
				SDKROOT = iphoneos;
				SWIFT_COMPILATION_MODE = wholemodule;
				SWIFT_OPTIMIZATION_LEVEL = "-O";
				VALIDATE_PRODUCT = YES;
			};
			name = Release;
		};
		5619F80727C581A200387402 /* Debug */ = {
			isa = XCBuildConfiguration;
			buildSettings = {
				ASSETCATALOG_COMPILER_APPICON_NAME = AppIcon;
				ASSETCATALOG_COMPILER_GLOBAL_ACCENT_COLOR_NAME = AccentColor;
				ASSETCATALOG_COMPILER_INCLUDE_ALL_APPICON_ASSETS = YES;
				CODE_SIGN_STYLE = Automatic;
				CURRENT_PROJECT_VERSION = 3;
				DEVELOPMENT_TEAM = UC4U5D58S4;
				GENERATE_INFOPLIST_FILE = YES;
				INFOPLIST_FILE = Spiegeltje/Info.plist;
				INFOPLIST_KEY_NSCameraUsageDescription = "So you can see yourself.";
				INFOPLIST_KEY_NSPhotoLibraryAddUsageDescription = "To save a selfie.";
				INFOPLIST_KEY_UIApplicationSupportsIndirectInputEvents = YES;
				INFOPLIST_KEY_UILaunchStoryboardName = LaunchScreen;
				INFOPLIST_KEY_UIMainStoryboardFile = Main;
				INFOPLIST_KEY_UIRequiresFullScreen = YES;
				INFOPLIST_KEY_UIStatusBarHidden = YES;
				INFOPLIST_KEY_UISupportedInterfaceOrientations = UIInterfaceOrientationPortrait;
				INFOPLIST_KEY_UISupportedInterfaceOrientations_iPad = "UIInterfaceOrientationPortrait UIInterfaceOrientationPortraitUpsideDown UIInterfaceOrientationLandscapeLeft UIInterfaceOrientationLandscapeRight";
				INFOPLIST_KEY_UISupportedInterfaceOrientations_iPhone = "UIInterfaceOrientationPortrait UIInterfaceOrientationLandscapeLeft UIInterfaceOrientationLandscapeRight";
				IPHONEOS_DEPLOYMENT_TARGET = 14.0;
				LD_RUNPATH_SEARCH_PATHS = (
					"$(inherited)",
					"@executable_path/Frameworks",
				);
				MARKETING_VERSION = 1.0;
				PRODUCT_BUNDLE_IDENTIFIER = com.rmfokkema.Spiegel;
				PRODUCT_NAME = "$(TARGET_NAME)";
				SWIFT_EMIT_LOC_STRINGS = YES;
				SWIFT_VERSION = 5.0;
				TARGETED_DEVICE_FAMILY = 1;
			};
			name = Debug;
		};
		5619F80827C581A200387402 /* Release */ = {
			isa = XCBuildConfiguration;
			buildSettings = {
				ASSETCATALOG_COMPILER_APPICON_NAME = AppIcon;
				ASSETCATALOG_COMPILER_GLOBAL_ACCENT_COLOR_NAME = AccentColor;
				ASSETCATALOG_COMPILER_INCLUDE_ALL_APPICON_ASSETS = YES;
				CODE_SIGN_STYLE = Automatic;
				CURRENT_PROJECT_VERSION = 3;
				DEVELOPMENT_TEAM = UC4U5D58S4;
				GENERATE_INFOPLIST_FILE = YES;
				INFOPLIST_FILE = Spiegeltje/Info.plist;
				INFOPLIST_KEY_NSCameraUsageDescription = "So you can see yourself.";
				INFOPLIST_KEY_NSPhotoLibraryAddUsageDescription = "To save a selfie.";
				INFOPLIST_KEY_UIApplicationSupportsIndirectInputEvents = YES;
				INFOPLIST_KEY_UILaunchStoryboardName = LaunchScreen;
				INFOPLIST_KEY_UIMainStoryboardFile = Main;
				INFOPLIST_KEY_UIRequiresFullScreen = YES;
				INFOPLIST_KEY_UIStatusBarHidden = YES;
				INFOPLIST_KEY_UISupportedInterfaceOrientations = UIInterfaceOrientationPortrait;
				INFOPLIST_KEY_UISupportedInterfaceOrientations_iPad = "UIInterfaceOrientationPortrait UIInterfaceOrientationPortraitUpsideDown UIInterfaceOrientationLandscapeLeft UIInterfaceOrientationLandscapeRight";
				INFOPLIST_KEY_UISupportedInterfaceOrientations_iPhone = "UIInterfaceOrientationPortrait UIInterfaceOrientationLandscapeLeft UIInterfaceOrientationLandscapeRight";
				IPHONEOS_DEPLOYMENT_TARGET = 14.0;
				LD_RUNPATH_SEARCH_PATHS = (
					"$(inherited)",
					"@executable_path/Frameworks",
				);
				MARKETING_VERSION = 1.0;
				PRODUCT_BUNDLE_IDENTIFIER = com.rmfokkema.Spiegel;
				PRODUCT_NAME = "$(TARGET_NAME)";
				SWIFT_EMIT_LOC_STRINGS = YES;
				SWIFT_VERSION = 5.0;
				TARGETED_DEVICE_FAMILY = 1;
			};
			name = Release;
		};
/* End XCBuildConfiguration section */

/* Begin XCConfigurationList section */
		5619F7ED27C5819C00387402 /* Build configuration list for PBXProject "Spiegel" */ = {
			isa = XCConfigurationList;
			buildConfigurations = (
				5619F80427C581A200387402 /* Debug */,
				5619F80527C581A200387402 /* Release */,
			);
			defaultConfigurationIsVisible = 0;
			defaultConfigurationName = Release;
		};
		5619F80627C581A200387402 /* Build configuration list for PBXNativeTarget "Spiegel" */ = {
			isa = XCConfigurationList;
			buildConfigurations = (
				5619F80727C581A200387402 /* Debug */,
				5619F80827C581A200387402 /* Release */,
			);
			defaultConfigurationIsVisible = 0;
			defaultConfigurationName = Release;
		};
/* End XCConfigurationList section */
	};
	rootObject = 5619F7EA27C5819C00387402 /* Project object */;
}
